// !$*UTF8*$!
{
	archiveVersion = 1;
	classes = {
	};
	objectVersion = 46;
	objects = {

/* Begin PBXBuildFile section */
		607FACD61AFB9204008FA782 /* AppDelegate.swift in Sources */ = {isa = PBXBuildFile; fileRef = 607FACD51AFB9204008FA782 /* AppDelegate.swift */; };
		607FACDD1AFB9204008FA782 /* Images.xcassets in Resources */ = {isa = PBXBuildFile; fileRef = 607FACDC1AFB9204008FA782 /* Images.xcassets */; };
		607FACE01AFB9204008FA782 /* LaunchScreen.xib in Resources */ = {isa = PBXBuildFile; fileRef = 607FACDE1AFB9204008FA782 /* LaunchScreen.xib */; };
		8D0632981D704F0900BE5056 /* CascadingTableDelegateStub.swift in Sources */ = {isa = PBXBuildFile; fileRef = 8D0632961D704D3600BE5056 /* CascadingTableDelegateStub.swift */; };
		8D06329A1D70529500BE5056 /* CascadingTableDelegateBareStub.swift in Sources */ = {isa = PBXBuildFile; fileRef = 8D0632991D70529500BE5056 /* CascadingTableDelegateBareStub.swift */; };
		8D1BCAA91DC33ED900826B1D /* WelcomeViewController.swift in Sources */ = {isa = PBXBuildFile; fileRef = 8D1BCAA71DC33ED900826B1D /* WelcomeViewController.swift */; };
		8D1BCAAA1DC33ED900826B1D /* WelcomeViewController.xib in Resources */ = {isa = PBXBuildFile; fileRef = 8D1BCAA81DC33ED900826B1D /* WelcomeViewController.xib */; };
		8D1F13571DB5D63900571053 /* PropagatingTableDelegateSelectorResponseSpec.swift in Sources */ = {isa = PBXBuildFile; fileRef = 8D1F13561DB5D63900571053 /* PropagatingTableDelegateSelectorResponseSpec.swift */; };
		8D1F135C1DB5E43400571053 /* CascadingTableDelegatePartialHeightStub.swift in Sources */ = {isa = PBXBuildFile; fileRef = 8D1F135B1DB5E43400571053 /* CascadingTableDelegatePartialHeightStub.swift */; };
		8D1F135E1DB5E53C00571053 /* CascadingSectionTableDelegateSpec.swift in Sources */ = {isa = PBXBuildFile; fileRef = 8D1F135D1DB5E53C00571053 /* CascadingSectionTableDelegateSpec.swift */; };
		8D4D12C11DC7033400B273F9 /* DestinationViewController.swift in Sources */ = {isa = PBXBuildFile; fileRef = 8D4D12BF1DC7033400B273F9 /* DestinationViewController.swift */; };
		8D4D12C21DC7033400B273F9 /* DestinationViewController.xib in Resources */ = {isa = PBXBuildFile; fileRef = 8D4D12C01DC7033400B273F9 /* DestinationViewController.xib */; };
		8D4D12C51DC706B200B273F9 /* UIColor+CSTAdditions.swift in Sources */ = {isa = PBXBuildFile; fileRef = 8D4D12C41DC706B200B273F9 /* UIColor+CSTAdditions.swift */; };
		8D4D12C91DC708CC00B273F9 /* DestinationTopPhotoCell.swift in Sources */ = {isa = PBXBuildFile; fileRef = 8D4D12C71DC708CC00B273F9 /* DestinationTopPhotoCell.swift */; };
		8D4D12CA1DC708CC00B273F9 /* DestinationTopPhotoCell.xib in Resources */ = {isa = PBXBuildFile; fileRef = 8D4D12C81DC708CC00B273F9 /* DestinationTopPhotoCell.xib */; };
		8D4D12CC1DC709C000B273F9 /* UITableViewCell+NibIdentifier.swift in Sources */ = {isa = PBXBuildFile; fileRef = 8D4D12CB1DC709C000B273F9 /* UITableViewCell+NibIdentifier.swift */; };
		8D4D12CF1DC70AB900B273F9 /* DestinationNameCell.swift in Sources */ = {isa = PBXBuildFile; fileRef = 8D4D12CD1DC70AB900B273F9 /* DestinationNameCell.swift */; };
		8D4D12D01DC70AB900B273F9 /* DestinationNameCell.xib in Resources */ = {isa = PBXBuildFile; fileRef = 8D4D12CE1DC70AB900B273F9 /* DestinationNameCell.xib */; };
		8D4D12D61DC7191E00B273F9 /* String+DisplayHeight.swift in Sources */ = {isa = PBXBuildFile; fileRef = 8D4D12D51DC7191E00B273F9 /* String+DisplayHeight.swift */; };
		8D4D12D91DC7194B00B273F9 /* DestinationDescriptionCell.swift in Sources */ = {isa = PBXBuildFile; fileRef = 8D4D12D71DC7194B00B273F9 /* DestinationDescriptionCell.swift */; };
		8D4D12DA1DC7194B00B273F9 /* DestinationDescriptionCell.xib in Resources */ = {isa = PBXBuildFile; fileRef = 8D4D12D81DC7194B00B273F9 /* DestinationDescriptionCell.xib */; };
		8D4D12DD1DC7267700B273F9 /* DestinationHeaderSectionDelegate.swift in Sources */ = {isa = PBXBuildFile; fileRef = 8D4D12DC1DC7267700B273F9 /* DestinationHeaderSectionDelegate.swift */; };
		8D4D12E01DC740DC00B273F9 /* DestinationViewModel.swift in Sources */ = {isa = PBXBuildFile; fileRef = 8D4D12DF1DC740DC00B273F9 /* DestinationViewModel.swift */; };
		8D4D12E31DC74CA700B273F9 /* SectionHeaderView.swift in Sources */ = {isa = PBXBuildFile; fileRef = 8D4D12E21DC74CA700B273F9 /* SectionHeaderView.swift */; };
		8D4D12E51DC74CB700B273F9 /* SectionHeaderView.xib in Resources */ = {isa = PBXBuildFile; fileRef = 8D4D12E41DC74CB700B273F9 /* SectionHeaderView.xib */; };
		8D50BE771DC8535F00B0C427 /* DestinationMapCell.swift in Sources */ = {isa = PBXBuildFile; fileRef = 8D50BE751DC8535F00B0C427 /* DestinationMapCell.swift */; };
		8D50BE781DC8535F00B0C427 /* DestinationMapCell.xib in Resources */ = {isa = PBXBuildFile; fileRef = 8D50BE761DC8535F00B0C427 /* DestinationMapCell.xib */; };
		8D754B901D6B103400A1DE01 /* CascadingTableDelegateCompleteStub.swift in Sources */ = {isa = PBXBuildFile; fileRef = 8D754B8F1D6B103400A1DE01 /* CascadingTableDelegateCompleteStub.swift */; };
		A5158932822D6A8BA58CC3B3 /* Pods_CascadingTableDelegate_Example.framework in Frameworks */ = {isa = PBXBuildFile; fileRef = 8F0A465F97314BF19FD1CD61 /* Pods_CascadingTableDelegate_Example.framework */; };
		B71684E51DA7312800666F45 /* PropagatingTableDelegateBaseSpec.swift in Sources */ = {isa = PBXBuildFile; fileRef = B71684DA1DA7312800666F45 /* PropagatingTableDelegateBaseSpec.swift */; };
		B71684E61DA7312800666F45 /* PropagatingTableDelegateCopyPasteSpec.swift in Sources */ = {isa = PBXBuildFile; fileRef = B71684DB1DA7312800666F45 /* PropagatingTableDelegateCopyPasteSpec.swift */; };
		B71684E71DA7312800666F45 /* PropagatingTableDelegateDataSourceOptionalSpec.swift in Sources */ = {isa = PBXBuildFile; fileRef = B71684DC1DA7312800666F45 /* PropagatingTableDelegateDataSourceOptionalSpec.swift */; };
		B71684E81DA7312800666F45 /* PropagatingTableDelegateDataSourceRequiredSpec.swift in Sources */ = {isa = PBXBuildFile; fileRef = B71684DD1DA7312800666F45 /* PropagatingTableDelegateDataSourceRequiredSpec.swift */; };
		B71684E91DA7312800666F45 /* PropagatingTableDelegateDisplayCustomizationSpec.swift in Sources */ = {isa = PBXBuildFile; fileRef = B71684DE1DA7312800666F45 /* PropagatingTableDelegateDisplayCustomizationSpec.swift */; };
		B71684EA1DA7312800666F45 /* PropagatingTableDelegateEditingSpec.swift in Sources */ = {isa = PBXBuildFile; fileRef = B71684DF1DA7312800666F45 /* PropagatingTableDelegateEditingSpec.swift */; };
		B71684EB1DA7312800666F45 /* PropagatingTableDelegateFocusSpec.swift in Sources */ = {isa = PBXBuildFile; fileRef = B71684E01DA7312800666F45 /* PropagatingTableDelegateFocusSpec.swift */; };
		B71684EC1DA7312800666F45 /* PropagatingTableDelegateHeaderFooterSpec.swift in Sources */ = {isa = PBXBuildFile; fileRef = B71684E11DA7312800666F45 /* PropagatingTableDelegateHeaderFooterSpec.swift */; };
		B71684ED1DA7312800666F45 /* PropagatingTableDelegateIndentationReorderSpec.swift in Sources */ = {isa = PBXBuildFile; fileRef = B71684E21DA7312800666F45 /* PropagatingTableDelegateIndentationReorderSpec.swift */; };
		B71684EE1DA7312800666F45 /* PropagatingTableDelegateSelectionSpec.swift in Sources */ = {isa = PBXBuildFile; fileRef = B71684E31DA7312800666F45 /* PropagatingTableDelegateSelectionSpec.swift */; };
		B71684EF1DA7312800666F45 /* PropagatingTableDelegateVariableHeightSupportSpec.swift in Sources */ = {isa = PBXBuildFile; fileRef = B71684E41DA7312800666F45 /* PropagatingTableDelegateVariableHeightSupportSpec.swift */; };
		B71684F31DA7321100666F45 /* CascadingRootTableDelegateSpec.swift in Sources */ = {isa = PBXBuildFile; fileRef = B71684F21DA7321100666F45 /* CascadingRootTableDelegateSpec.swift */; };
		B71684F71DA73A8800666F45 /* TestableTableView.swift in Sources */ = {isa = PBXBuildFile; fileRef = B71684F61DA73A8800666F45 /* TestableTableView.swift */; };
		F03A78A9FBD9706B82A4287C /* Pods_CascadingTableDelegate_Tests.framework in Frameworks */ = {isa = PBXBuildFile; fileRef = 30D2D7BFA611731F227D287C /* Pods_CascadingTableDelegate_Tests.framework */; };
/* End PBXBuildFile section */

/* Begin PBXContainerItemProxy section */
		607FACE61AFB9204008FA782 /* PBXContainerItemProxy */ = {
			isa = PBXContainerItemProxy;
			containerPortal = 607FACC81AFB9204008FA782 /* Project object */;
			proxyType = 1;
			remoteGlobalIDString = 607FACCF1AFB9204008FA782;
			remoteInfo = CascadingTableDelegate;
		};
/* End PBXContainerItemProxy section */

/* Begin PBXFileReference section */
		01C02335FFE7CD1D19408D6F /* LICENSE */ = {isa = PBXFileReference; includeInIndex = 1; lastKnownFileType = text; name = LICENSE; path = ../LICENSE; sourceTree = "<group>"; };
		276D14C84C835888E2DE6973 /* README.md */ = {isa = PBXFileReference; includeInIndex = 1; lastKnownFileType = net.daringfireball.markdown; name = README.md; path = ../README.md; sourceTree = "<group>"; };
		30D2D7BFA611731F227D287C /* Pods_CascadingTableDelegate_Tests.framework */ = {isa = PBXFileReference; explicitFileType = wrapper.framework; includeInIndex = 0; path = Pods_CascadingTableDelegate_Tests.framework; sourceTree = BUILT_PRODUCTS_DIR; };
		5137C11A0774CF5DCB992F43 /* Pods-CascadingTableDelegate_Example.release.xcconfig */ = {isa = PBXFileReference; includeInIndex = 1; lastKnownFileType = text.xcconfig; name = "Pods-CascadingTableDelegate_Example.release.xcconfig"; path = "Pods/Target Support Files/Pods-CascadingTableDelegate_Example/Pods-CascadingTableDelegate_Example.release.xcconfig"; sourceTree = "<group>"; };
		607FACD01AFB9204008FA782 /* CascadingTableDelegate_Example.app */ = {isa = PBXFileReference; explicitFileType = wrapper.application; includeInIndex = 0; path = CascadingTableDelegate_Example.app; sourceTree = BUILT_PRODUCTS_DIR; };
		607FACD41AFB9204008FA782 /* Info.plist */ = {isa = PBXFileReference; lastKnownFileType = text.plist.xml; path = Info.plist; sourceTree = "<group>"; };
		607FACD51AFB9204008FA782 /* AppDelegate.swift */ = {isa = PBXFileReference; lastKnownFileType = sourcecode.swift; path = AppDelegate.swift; sourceTree = "<group>"; };
		607FACDC1AFB9204008FA782 /* Images.xcassets */ = {isa = PBXFileReference; lastKnownFileType = folder.assetcatalog; path = Images.xcassets; sourceTree = "<group>"; };
		607FACDF1AFB9204008FA782 /* Base */ = {isa = PBXFileReference; lastKnownFileType = file.xib; name = Base; path = Base.lproj/LaunchScreen.xib; sourceTree = "<group>"; };
		607FACE51AFB9204008FA782 /* CascadingTableDelegate_Tests.xctest */ = {isa = PBXFileReference; explicitFileType = wrapper.cfbundle; includeInIndex = 0; path = CascadingTableDelegate_Tests.xctest; sourceTree = BUILT_PRODUCTS_DIR; };
		607FACEA1AFB9204008FA782 /* Info.plist */ = {isa = PBXFileReference; lastKnownFileType = text.plist.xml; path = Info.plist; sourceTree = "<group>"; };
		845A5CBE254927D69FA41AA4 /* Pods-CascadingTableDelegate_Tests.debug.xcconfig */ = {isa = PBXFileReference; includeInIndex = 1; lastKnownFileType = text.xcconfig; name = "Pods-CascadingTableDelegate_Tests.debug.xcconfig"; path = "Pods/Target Support Files/Pods-CascadingTableDelegate_Tests/Pods-CascadingTableDelegate_Tests.debug.xcconfig"; sourceTree = "<group>"; };
		8D0632961D704D3600BE5056 /* CascadingTableDelegateStub.swift */ = {isa = PBXFileReference; fileEncoding = 4; lastKnownFileType = sourcecode.swift; path = CascadingTableDelegateStub.swift; sourceTree = "<group>"; };
		8D0632991D70529500BE5056 /* CascadingTableDelegateBareStub.swift */ = {isa = PBXFileReference; fileEncoding = 4; lastKnownFileType = sourcecode.swift; path = CascadingTableDelegateBareStub.swift; sourceTree = "<group>"; };
		8D1BCAA71DC33ED900826B1D /* WelcomeViewController.swift */ = {isa = PBXFileReference; fileEncoding = 4; lastKnownFileType = sourcecode.swift; path = WelcomeViewController.swift; sourceTree = "<group>"; };
		8D1BCAA81DC33ED900826B1D /* WelcomeViewController.xib */ = {isa = PBXFileReference; fileEncoding = 4; lastKnownFileType = file.xib; path = WelcomeViewController.xib; sourceTree = "<group>"; };
		8D1F13561DB5D63900571053 /* PropagatingTableDelegateSelectorResponseSpec.swift */ = {isa = PBXFileReference; fileEncoding = 4; lastKnownFileType = sourcecode.swift; path = PropagatingTableDelegateSelectorResponseSpec.swift; sourceTree = "<group>"; };
		8D1F135B1DB5E43400571053 /* CascadingTableDelegatePartialHeightStub.swift */ = {isa = PBXFileReference; fileEncoding = 4; lastKnownFileType = sourcecode.swift; path = CascadingTableDelegatePartialHeightStub.swift; sourceTree = "<group>"; };
		8D1F135D1DB5E53C00571053 /* CascadingSectionTableDelegateSpec.swift */ = {isa = PBXFileReference; fileEncoding = 4; lastKnownFileType = sourcecode.swift; path = CascadingSectionTableDelegateSpec.swift; sourceTree = "<group>"; };
		8D4D12BF1DC7033400B273F9 /* DestinationViewController.swift */ = {isa = PBXFileReference; fileEncoding = 4; lastKnownFileType = sourcecode.swift; path = DestinationViewController.swift; sourceTree = "<group>"; };
		8D4D12C01DC7033400B273F9 /* DestinationViewController.xib */ = {isa = PBXFileReference; fileEncoding = 4; lastKnownFileType = file.xib; path = DestinationViewController.xib; sourceTree = "<group>"; };
		8D4D12C41DC706B200B273F9 /* UIColor+CSTAdditions.swift */ = {isa = PBXFileReference; fileEncoding = 4; lastKnownFileType = sourcecode.swift; path = "UIColor+CSTAdditions.swift"; sourceTree = "<group>"; };
		8D4D12C71DC708CC00B273F9 /* DestinationTopPhotoCell.swift */ = {isa = PBXFileReference; fileEncoding = 4; lastKnownFileType = sourcecode.swift; path = DestinationTopPhotoCell.swift; sourceTree = "<group>"; };
		8D4D12C81DC708CC00B273F9 /* DestinationTopPhotoCell.xib */ = {isa = PBXFileReference; fileEncoding = 4; lastKnownFileType = file.xib; path = DestinationTopPhotoCell.xib; sourceTree = "<group>"; };
		8D4D12CB1DC709C000B273F9 /* UITableViewCell+NibIdentifier.swift */ = {isa = PBXFileReference; fileEncoding = 4; lastKnownFileType = sourcecode.swift; path = "UITableViewCell+NibIdentifier.swift"; sourceTree = "<group>"; };
		8D4D12CD1DC70AB900B273F9 /* DestinationNameCell.swift */ = {isa = PBXFileReference; fileEncoding = 4; lastKnownFileType = sourcecode.swift; path = DestinationNameCell.swift; sourceTree = "<group>"; };
		8D4D12CE1DC70AB900B273F9 /* DestinationNameCell.xib */ = {isa = PBXFileReference; fileEncoding = 4; lastKnownFileType = file.xib; path = DestinationNameCell.xib; sourceTree = "<group>"; };
		8D4D12D51DC7191E00B273F9 /* String+DisplayHeight.swift */ = {isa = PBXFileReference; fileEncoding = 4; lastKnownFileType = sourcecode.swift; path = "String+DisplayHeight.swift"; sourceTree = "<group>"; };
		8D4D12D71DC7194B00B273F9 /* DestinationDescriptionCell.swift */ = {isa = PBXFileReference; fileEncoding = 4; lastKnownFileType = sourcecode.swift; path = DestinationDescriptionCell.swift; sourceTree = "<group>"; };
		8D4D12D81DC7194B00B273F9 /* DestinationDescriptionCell.xib */ = {isa = PBXFileReference; fileEncoding = 4; lastKnownFileType = file.xib; path = DestinationDescriptionCell.xib; sourceTree = "<group>"; };
		8D4D12DC1DC7267700B273F9 /* DestinationHeaderSectionDelegate.swift */ = {isa = PBXFileReference; fileEncoding = 4; lastKnownFileType = sourcecode.swift; path = DestinationHeaderSectionDelegate.swift; sourceTree = "<group>"; };
		8D4D12DF1DC740DC00B273F9 /* DestinationViewModel.swift */ = {isa = PBXFileReference; fileEncoding = 4; lastKnownFileType = sourcecode.swift; path = DestinationViewModel.swift; sourceTree = "<group>"; };
		8D4D12E21DC74CA700B273F9 /* SectionHeaderView.swift */ = {isa = PBXFileReference; fileEncoding = 4; lastKnownFileType = sourcecode.swift; path = SectionHeaderView.swift; sourceTree = "<group>"; };
		8D4D12E41DC74CB700B273F9 /* SectionHeaderView.xib */ = {isa = PBXFileReference; fileEncoding = 4; lastKnownFileType = file.xib; path = SectionHeaderView.xib; sourceTree = "<group>"; };
		8D50BE751DC8535F00B0C427 /* DestinationMapCell.swift */ = {isa = PBXFileReference; fileEncoding = 4; lastKnownFileType = sourcecode.swift; path = DestinationMapCell.swift; sourceTree = "<group>"; };
		8D50BE761DC8535F00B0C427 /* DestinationMapCell.xib */ = {isa = PBXFileReference; fileEncoding = 4; lastKnownFileType = file.xib; path = DestinationMapCell.xib; sourceTree = "<group>"; };
		8D754B8F1D6B103400A1DE01 /* CascadingTableDelegateCompleteStub.swift */ = {isa = PBXFileReference; fileEncoding = 4; lastKnownFileType = sourcecode.swift; path = CascadingTableDelegateCompleteStub.swift; sourceTree = "<group>"; };
		8F0A465F97314BF19FD1CD61 /* Pods_CascadingTableDelegate_Example.framework */ = {isa = PBXFileReference; explicitFileType = wrapper.framework; includeInIndex = 0; path = Pods_CascadingTableDelegate_Example.framework; sourceTree = BUILT_PRODUCTS_DIR; };
		B71684DA1DA7312800666F45 /* PropagatingTableDelegateBaseSpec.swift */ = {isa = PBXFileReference; fileEncoding = 4; lastKnownFileType = sourcecode.swift; path = PropagatingTableDelegateBaseSpec.swift; sourceTree = "<group>"; };
		B71684DB1DA7312800666F45 /* PropagatingTableDelegateCopyPasteSpec.swift */ = {isa = PBXFileReference; fileEncoding = 4; lastKnownFileType = sourcecode.swift; path = PropagatingTableDelegateCopyPasteSpec.swift; sourceTree = "<group>"; };
		B71684DC1DA7312800666F45 /* PropagatingTableDelegateDataSourceOptionalSpec.swift */ = {isa = PBXFileReference; fileEncoding = 4; lastKnownFileType = sourcecode.swift; path = PropagatingTableDelegateDataSourceOptionalSpec.swift; sourceTree = "<group>"; };
		B71684DD1DA7312800666F45 /* PropagatingTableDelegateDataSourceRequiredSpec.swift */ = {isa = PBXFileReference; fileEncoding = 4; lastKnownFileType = sourcecode.swift; path = PropagatingTableDelegateDataSourceRequiredSpec.swift; sourceTree = "<group>"; };
		B71684DE1DA7312800666F45 /* PropagatingTableDelegateDisplayCustomizationSpec.swift */ = {isa = PBXFileReference; fileEncoding = 4; lastKnownFileType = sourcecode.swift; path = PropagatingTableDelegateDisplayCustomizationSpec.swift; sourceTree = "<group>"; };
		B71684DF1DA7312800666F45 /* PropagatingTableDelegateEditingSpec.swift */ = {isa = PBXFileReference; fileEncoding = 4; lastKnownFileType = sourcecode.swift; path = PropagatingTableDelegateEditingSpec.swift; sourceTree = "<group>"; };
		B71684E01DA7312800666F45 /* PropagatingTableDelegateFocusSpec.swift */ = {isa = PBXFileReference; fileEncoding = 4; lastKnownFileType = sourcecode.swift; path = PropagatingTableDelegateFocusSpec.swift; sourceTree = "<group>"; };
		B71684E11DA7312800666F45 /* PropagatingTableDelegateHeaderFooterSpec.swift */ = {isa = PBXFileReference; fileEncoding = 4; lastKnownFileType = sourcecode.swift; path = PropagatingTableDelegateHeaderFooterSpec.swift; sourceTree = "<group>"; };
		B71684E21DA7312800666F45 /* PropagatingTableDelegateIndentationReorderSpec.swift */ = {isa = PBXFileReference; fileEncoding = 4; lastKnownFileType = sourcecode.swift; path = PropagatingTableDelegateIndentationReorderSpec.swift; sourceTree = "<group>"; };
		B71684E31DA7312800666F45 /* PropagatingTableDelegateSelectionSpec.swift */ = {isa = PBXFileReference; fileEncoding = 4; lastKnownFileType = sourcecode.swift; path = PropagatingTableDelegateSelectionSpec.swift; sourceTree = "<group>"; };
		B71684E41DA7312800666F45 /* PropagatingTableDelegateVariableHeightSupportSpec.swift */ = {isa = PBXFileReference; fileEncoding = 4; lastKnownFileType = sourcecode.swift; path = PropagatingTableDelegateVariableHeightSupportSpec.swift; sourceTree = "<group>"; };
		B71684F21DA7321100666F45 /* CascadingRootTableDelegateSpec.swift */ = {isa = PBXFileReference; fileEncoding = 4; lastKnownFileType = sourcecode.swift; path = CascadingRootTableDelegateSpec.swift; sourceTree = "<group>"; };
		B71684F61DA73A8800666F45 /* TestableTableView.swift */ = {isa = PBXFileReference; fileEncoding = 4; lastKnownFileType = sourcecode.swift; path = TestableTableView.swift; sourceTree = "<group>"; };
		BFEEB5D001B8B76D0D49D6D3 /* CascadingTableDelegate.podspec */ = {isa = PBXFileReference; includeInIndex = 1; lastKnownFileType = text; name = CascadingTableDelegate.podspec; path = ../CascadingTableDelegate.podspec; sourceTree = "<group>"; };
		DA842FA81E6668835CBCD685 /* Pods-CascadingTableDelegate_Tests.release.xcconfig */ = {isa = PBXFileReference; includeInIndex = 1; lastKnownFileType = text.xcconfig; name = "Pods-CascadingTableDelegate_Tests.release.xcconfig"; path = "Pods/Target Support Files/Pods-CascadingTableDelegate_Tests/Pods-CascadingTableDelegate_Tests.release.xcconfig"; sourceTree = "<group>"; };
		E783B233EDB3195714A40415 /* Pods-CascadingTableDelegate_Example.debug.xcconfig */ = {isa = PBXFileReference; includeInIndex = 1; lastKnownFileType = text.xcconfig; name = "Pods-CascadingTableDelegate_Example.debug.xcconfig"; path = "Pods/Target Support Files/Pods-CascadingTableDelegate_Example/Pods-CascadingTableDelegate_Example.debug.xcconfig"; sourceTree = "<group>"; };
/* End PBXFileReference section */

/* Begin PBXFrameworksBuildPhase section */
		607FACCD1AFB9204008FA782 /* Frameworks */ = {
			isa = PBXFrameworksBuildPhase;
			buildActionMask = 2147483647;
			files = (
				A5158932822D6A8BA58CC3B3 /* Pods_CascadingTableDelegate_Example.framework in Frameworks */,
			);
			runOnlyForDeploymentPostprocessing = 0;
		};
		607FACE21AFB9204008FA782 /* Frameworks */ = {
			isa = PBXFrameworksBuildPhase;
			buildActionMask = 2147483647;
			files = (
				F03A78A9FBD9706B82A4287C /* Pods_CascadingTableDelegate_Tests.framework in Frameworks */,
			);
			runOnlyForDeploymentPostprocessing = 0;
		};
/* End PBXFrameworksBuildPhase section */

/* Begin PBXGroup section */
		1785591362F9985CBFEC0905 /* Frameworks */ = {
			isa = PBXGroup;
			children = (
				8F0A465F97314BF19FD1CD61 /* Pods_CascadingTableDelegate_Example.framework */,
				30D2D7BFA611731F227D287C /* Pods_CascadingTableDelegate_Tests.framework */,
			);
			name = Frameworks;
			sourceTree = "<group>";
		};
		579CA7128B90DCD5EAC5C9EC /* Pods */ = {
			isa = PBXGroup;
			children = (
				E783B233EDB3195714A40415 /* Pods-CascadingTableDelegate_Example.debug.xcconfig */,
				5137C11A0774CF5DCB992F43 /* Pods-CascadingTableDelegate_Example.release.xcconfig */,
				845A5CBE254927D69FA41AA4 /* Pods-CascadingTableDelegate_Tests.debug.xcconfig */,
				DA842FA81E6668835CBCD685 /* Pods-CascadingTableDelegate_Tests.release.xcconfig */,
			);
			name = Pods;
			sourceTree = "<group>";
		};
		607FACC71AFB9204008FA782 = {
			isa = PBXGroup;
			children = (
				607FACF51AFB993E008FA782 /* Podspec Metadata */,
				607FACD21AFB9204008FA782 /* Example for CascadingTableDelegate */,
				607FACE81AFB9204008FA782 /* Tests */,
				607FACD11AFB9204008FA782 /* Products */,
				579CA7128B90DCD5EAC5C9EC /* Pods */,
				1785591362F9985CBFEC0905 /* Frameworks */,
			);
			sourceTree = "<group>";
		};
		607FACD11AFB9204008FA782 /* Products */ = {
			isa = PBXGroup;
			children = (
				607FACD01AFB9204008FA782 /* CascadingTableDelegate_Example.app */,
				607FACE51AFB9204008FA782 /* CascadingTableDelegate_Tests.xctest */,
			);
			name = Products;
			sourceTree = "<group>";
		};
		607FACD21AFB9204008FA782 /* Example for CascadingTableDelegate */ = {
			isa = PBXGroup;
			children = (
				8D4D12E11DC74C7B00B273F9 /* Views */,
				8D4D12DE1DC7404400B273F9 /* ViewModels */,
				8D1BCAA61DC33EBA00826B1D /* ViewControllers */,
				8D4D12C61DC7088600B273F9 /* TableViewCells */,
				8D4D12DB1DC7261A00B273F9 /* SectionTableDelegates */,
				8D4D12C31DC7068800B273F9 /* Extensions */,
				607FACD51AFB9204008FA782 /* AppDelegate.swift */,
				607FACDC1AFB9204008FA782 /* Images.xcassets */,
				607FACDE1AFB9204008FA782 /* LaunchScreen.xib */,
				607FACD31AFB9204008FA782 /* Supporting Files */,
			);
			name = "Example for CascadingTableDelegate";
			path = CascadingTableDelegate;
			sourceTree = "<group>";
		};
		607FACD31AFB9204008FA782 /* Supporting Files */ = {
			isa = PBXGroup;
			children = (
				607FACD41AFB9204008FA782 /* Info.plist */,
			);
			name = "Supporting Files";
			sourceTree = "<group>";
		};
		607FACE81AFB9204008FA782 /* Tests */ = {
			isa = PBXGroup;
			children = (
				8D754B8A1D6B0F1E00A1DE01 /* CascadingTableDelegate */,
				607FACE91AFB9204008FA782 /* Supporting Files */,
			);
			path = Tests;
			sourceTree = "<group>";
		};
		607FACE91AFB9204008FA782 /* Supporting Files */ = {
			isa = PBXGroup;
			children = (
				607FACEA1AFB9204008FA782 /* Info.plist */,
			);
			name = "Supporting Files";
			sourceTree = "<group>";
		};
		607FACF51AFB993E008FA782 /* Podspec Metadata */ = {
			isa = PBXGroup;
			children = (
				BFEEB5D001B8B76D0D49D6D3 /* CascadingTableDelegate.podspec */,
				276D14C84C835888E2DE6973 /* README.md */,
				01C02335FFE7CD1D19408D6F /* LICENSE */,
			);
			name = "Podspec Metadata";
			sourceTree = "<group>";
		};
		8D1BCAA61DC33EBA00826B1D /* ViewControllers */ = {
			isa = PBXGroup;
			children = (
				8D1BCAA71DC33ED900826B1D /* WelcomeViewController.swift */,
				8D1BCAA81DC33ED900826B1D /* WelcomeViewController.xib */,
				8D4D12BF1DC7033400B273F9 /* DestinationViewController.swift */,
				8D4D12C01DC7033400B273F9 /* DestinationViewController.xib */,
			);
			path = ViewControllers;
			sourceTree = "<group>";
		};
		8D4D12C31DC7068800B273F9 /* Extensions */ = {
			isa = PBXGroup;
			children = (
				8D4D12C41DC706B200B273F9 /* UIColor+CSTAdditions.swift */,
				8D4D12CB1DC709C000B273F9 /* UITableViewCell+NibIdentifier.swift */,
				8D4D12D51DC7191E00B273F9 /* String+DisplayHeight.swift */,
			);
			path = Extensions;
			sourceTree = "<group>";
		};
		8D4D12C61DC7088600B273F9 /* TableViewCells */ = {
			isa = PBXGroup;
			children = (
				8D4D12C71DC708CC00B273F9 /* DestinationTopPhotoCell.swift */,
				8D4D12C81DC708CC00B273F9 /* DestinationTopPhotoCell.xib */,
				8D4D12CD1DC70AB900B273F9 /* DestinationNameCell.swift */,
				8D4D12CE1DC70AB900B273F9 /* DestinationNameCell.xib */,
				8D4D12D71DC7194B00B273F9 /* DestinationDescriptionCell.swift */,
				8D4D12D81DC7194B00B273F9 /* DestinationDescriptionCell.xib */,
				8D50BE751DC8535F00B0C427 /* DestinationMapCell.swift */,
				8D50BE761DC8535F00B0C427 /* DestinationMapCell.xib */,
			);
			path = TableViewCells;
			sourceTree = "<group>";
		};
		8D4D12DB1DC7261A00B273F9 /* SectionTableDelegates */ = {
			isa = PBXGroup;
			children = (
				8D4D12DC1DC7267700B273F9 /* DestinationHeaderSectionDelegate.swift */,
			);
			path = SectionTableDelegates;
			sourceTree = "<group>";
		};
		8D4D12DE1DC7404400B273F9 /* ViewModels */ = {
			isa = PBXGroup;
			children = (
				8D4D12DF1DC740DC00B273F9 /* DestinationViewModel.swift */,
			);
			path = ViewModels;
			sourceTree = "<group>";
		};
		8D4D12E11DC74C7B00B273F9 /* Views */ = {
			isa = PBXGroup;
			children = (
				8D4D12E21DC74CA700B273F9 /* SectionHeaderView.swift */,
				8D4D12E41DC74CB700B273F9 /* SectionHeaderView.xib */,
			);
			path = Views;
			sourceTree = "<group>";
		};
		8D754B8A1D6B0F1E00A1DE01 /* CascadingTableDelegate */ = {
			isa = PBXGroup;
			children = (
				8D754B8E1D6B101000A1DE01 /* Stubs */,
				B71684F51DA73A4600666F45 /* TestHelpers */,
				B71684D91DA7312800666F45 /* PropagatingTableDelegateSpecs */,
				B71684F21DA7321100666F45 /* CascadingRootTableDelegateSpec.swift */,
				8D1F135D1DB5E53C00571053 /* CascadingSectionTableDelegateSpec.swift */,
			);
			path = CascadingTableDelegate;
			sourceTree = "<group>";
		};
		8D754B8E1D6B101000A1DE01 /* Stubs */ = {
			isa = PBXGroup;
			children = (
				8D0632961D704D3600BE5056 /* CascadingTableDelegateStub.swift */,
				8D754B8F1D6B103400A1DE01 /* CascadingTableDelegateCompleteStub.swift */,
				8D1F135B1DB5E43400571053 /* CascadingTableDelegatePartialHeightStub.swift */,
				8D0632991D70529500BE5056 /* CascadingTableDelegateBareStub.swift */,
			);
			path = Stubs;
			sourceTree = "<group>";
		};
		B71684D91DA7312800666F45 /* PropagatingTableDelegateSpecs */ = {
			isa = PBXGroup;
			children = (
				B71684DA1DA7312800666F45 /* PropagatingTableDelegateBaseSpec.swift */,
				B71684DB1DA7312800666F45 /* PropagatingTableDelegateCopyPasteSpec.swift */,
				B71684DC1DA7312800666F45 /* PropagatingTableDelegateDataSourceOptionalSpec.swift */,
				B71684DD1DA7312800666F45 /* PropagatingTableDelegateDataSourceRequiredSpec.swift */,
				B71684DE1DA7312800666F45 /* PropagatingTableDelegateDisplayCustomizationSpec.swift */,
				B71684DF1DA7312800666F45 /* PropagatingTableDelegateEditingSpec.swift */,
				B71684E01DA7312800666F45 /* PropagatingTableDelegateFocusSpec.swift */,
				B71684E11DA7312800666F45 /* PropagatingTableDelegateHeaderFooterSpec.swift */,
				B71684E21DA7312800666F45 /* PropagatingTableDelegateIndentationReorderSpec.swift */,
				B71684E31DA7312800666F45 /* PropagatingTableDelegateSelectionSpec.swift */,
				8D1F13561DB5D63900571053 /* PropagatingTableDelegateSelectorResponseSpec.swift */,
				B71684E41DA7312800666F45 /* PropagatingTableDelegateVariableHeightSupportSpec.swift */,
			);
			path = PropagatingTableDelegateSpecs;
			sourceTree = "<group>";
		};
		B71684F51DA73A4600666F45 /* TestHelpers */ = {
			isa = PBXGroup;
			children = (
				B71684F61DA73A8800666F45 /* TestableTableView.swift */,
			);
			path = TestHelpers;
			sourceTree = "<group>";
		};
/* End PBXGroup section */

/* Begin PBXNativeTarget section */
		607FACCF1AFB9204008FA782 /* CascadingTableDelegate_Example */ = {
			isa = PBXNativeTarget;
			buildConfigurationList = 607FACEF1AFB9204008FA782 /* Build configuration list for PBXNativeTarget "CascadingTableDelegate_Example" */;
			buildPhases = (
				29474FCAA2342FEC68E88C79 /* [CP] Check Pods Manifest.lock */,
				607FACCC1AFB9204008FA782 /* Sources */,
				607FACCD1AFB9204008FA782 /* Frameworks */,
				607FACCE1AFB9204008FA782 /* Resources */,
				8F9A9CAB2BD330112DA49B74 /* [CP] Embed Pods Frameworks */,
				6F130E10AA60DDA1C1345E2B /* [CP] Copy Pods Resources */,
			);
			buildRules = (
			);
			dependencies = (
			);
			name = CascadingTableDelegate_Example;
			productName = CascadingTableDelegate;
			productReference = 607FACD01AFB9204008FA782 /* CascadingTableDelegate_Example.app */;
			productType = "com.apple.product-type.application";
		};
		607FACE41AFB9204008FA782 /* CascadingTableDelegate_Tests */ = {
			isa = PBXNativeTarget;
			buildConfigurationList = 607FACF21AFB9204008FA782 /* Build configuration list for PBXNativeTarget "CascadingTableDelegate_Tests" */;
			buildPhases = (
				79CC16D9725403D750C4F03E /* [CP] Check Pods Manifest.lock */,
				607FACE11AFB9204008FA782 /* Sources */,
				607FACE21AFB9204008FA782 /* Frameworks */,
				607FACE31AFB9204008FA782 /* Resources */,
				EE553F5B219481D7F243BAB1 /* [CP] Embed Pods Frameworks */,
				C41A7DB95EDDC8AFD7A54EE4 /* [CP] Copy Pods Resources */,
			);
			buildRules = (
			);
			dependencies = (
				607FACE71AFB9204008FA782 /* PBXTargetDependency */,
			);
			name = CascadingTableDelegate_Tests;
			productName = Tests;
			productReference = 607FACE51AFB9204008FA782 /* CascadingTableDelegate_Tests.xctest */;
			productType = "com.apple.product-type.bundle.unit-test";
		};
/* End PBXNativeTarget section */

/* Begin PBXProject section */
		607FACC81AFB9204008FA782 /* Project object */ = {
			isa = PBXProject;
			attributes = {
				LastSwiftUpdateCheck = 0720;
				LastUpgradeCheck = 0720;
				ORGANIZATIONNAME = CocoaPods;
				TargetAttributes = {
					607FACCF1AFB9204008FA782 = {
						CreatedOnToolsVersion = 6.3.1;
					};
					607FACE41AFB9204008FA782 = {
						CreatedOnToolsVersion = 6.3.1;
						TestTargetID = 607FACCF1AFB9204008FA782;
					};
				};
			};
			buildConfigurationList = 607FACCB1AFB9204008FA782 /* Build configuration list for PBXProject "CascadingTableDelegate" */;
			compatibilityVersion = "Xcode 3.2";
			developmentRegion = English;
			hasScannedForEncodings = 0;
			knownRegions = (
				en,
				Base,
			);
			mainGroup = 607FACC71AFB9204008FA782;
			productRefGroup = 607FACD11AFB9204008FA782 /* Products */;
			projectDirPath = "";
			projectRoot = "";
			targets = (
				607FACCF1AFB9204008FA782 /* CascadingTableDelegate_Example */,
				607FACE41AFB9204008FA782 /* CascadingTableDelegate_Tests */,
			);
		};
/* End PBXProject section */

/* Begin PBXResourcesBuildPhase section */
		607FACCE1AFB9204008FA782 /* Resources */ = {
			isa = PBXResourcesBuildPhase;
			buildActionMask = 2147483647;
			files = (
				607FACE01AFB9204008FA782 /* LaunchScreen.xib in Resources */,
				8D4D12DA1DC7194B00B273F9 /* DestinationDescriptionCell.xib in Resources */,
				8D4D12D01DC70AB900B273F9 /* DestinationNameCell.xib in Resources */,
				8D50BE781DC8535F00B0C427 /* DestinationMapCell.xib in Resources */,
				607FACDD1AFB9204008FA782 /* Images.xcassets in Resources */,
				8D4D12CA1DC708CC00B273F9 /* DestinationTopPhotoCell.xib in Resources */,
				8D1BCAAA1DC33ED900826B1D /* WelcomeViewController.xib in Resources */,
				8D4D12C21DC7033400B273F9 /* DestinationViewController.xib in Resources */,
				8D4D12E51DC74CB700B273F9 /* SectionHeaderView.xib in Resources */,
			);
			runOnlyForDeploymentPostprocessing = 0;
		};
		607FACE31AFB9204008FA782 /* Resources */ = {
			isa = PBXResourcesBuildPhase;
			buildActionMask = 2147483647;
			files = (
			);
			runOnlyForDeploymentPostprocessing = 0;
		};
/* End PBXResourcesBuildPhase section */

/* Begin PBXShellScriptBuildPhase section */
		29474FCAA2342FEC68E88C79 /* [CP] Check Pods Manifest.lock */ = {
			isa = PBXShellScriptBuildPhase;
			buildActionMask = 2147483647;
			files = (
			);
			inputPaths = (
			);
			name = "[CP] Check Pods Manifest.lock";
			outputPaths = (
			);
			runOnlyForDeploymentPostprocessing = 0;
			shellPath = /bin/sh;
			shellScript = "diff \"${PODS_ROOT}/../Podfile.lock\" \"${PODS_ROOT}/Manifest.lock\" > /dev/null\nif [[ $? != 0 ]] ; then\n    cat << EOM\nerror: The sandbox is not in sync with the Podfile.lock. Run 'pod install' or update your CocoaPods installation.\nEOM\n    exit 1\nfi\n";
			showEnvVarsInLog = 0;
		};
		6F130E10AA60DDA1C1345E2B /* [CP] Copy Pods Resources */ = {
			isa = PBXShellScriptBuildPhase;
			buildActionMask = 2147483647;
			files = (
			);
			inputPaths = (
			);
			name = "[CP] Copy Pods Resources";
			outputPaths = (
			);
			runOnlyForDeploymentPostprocessing = 0;
			shellPath = /bin/sh;
			shellScript = "\"${SRCROOT}/Pods/Target Support Files/Pods-CascadingTableDelegate_Example/Pods-CascadingTableDelegate_Example-resources.sh\"\n";
			showEnvVarsInLog = 0;
		};
		79CC16D9725403D750C4F03E /* [CP] Check Pods Manifest.lock */ = {
			isa = PBXShellScriptBuildPhase;
			buildActionMask = 2147483647;
			files = (
			);
			inputPaths = (
			);
			name = "[CP] Check Pods Manifest.lock";
			outputPaths = (
			);
			runOnlyForDeploymentPostprocessing = 0;
			shellPath = /bin/sh;
			shellScript = "diff \"${PODS_ROOT}/../Podfile.lock\" \"${PODS_ROOT}/Manifest.lock\" > /dev/null\nif [[ $? != 0 ]] ; then\n    cat << EOM\nerror: The sandbox is not in sync with the Podfile.lock. Run 'pod install' or update your CocoaPods installation.\nEOM\n    exit 1\nfi\n";
			showEnvVarsInLog = 0;
		};
		8F9A9CAB2BD330112DA49B74 /* [CP] Embed Pods Frameworks */ = {
			isa = PBXShellScriptBuildPhase;
			buildActionMask = 2147483647;
			files = (
			);
			inputPaths = (
			);
			name = "[CP] Embed Pods Frameworks";
			outputPaths = (
			);
			runOnlyForDeploymentPostprocessing = 0;
			shellPath = /bin/sh;
			shellScript = "\"${SRCROOT}/Pods/Target Support Files/Pods-CascadingTableDelegate_Example/Pods-CascadingTableDelegate_Example-frameworks.sh\"\n";
			showEnvVarsInLog = 0;
		};
		C41A7DB95EDDC8AFD7A54EE4 /* [CP] Copy Pods Resources */ = {
			isa = PBXShellScriptBuildPhase;
			buildActionMask = 2147483647;
			files = (
			);
			inputPaths = (
			);
			name = "[CP] Copy Pods Resources";
			outputPaths = (
			);
			runOnlyForDeploymentPostprocessing = 0;
			shellPath = /bin/sh;
			shellScript = "\"${SRCROOT}/Pods/Target Support Files/Pods-CascadingTableDelegate_Tests/Pods-CascadingTableDelegate_Tests-resources.sh\"\n";
			showEnvVarsInLog = 0;
		};
		EE553F5B219481D7F243BAB1 /* [CP] Embed Pods Frameworks */ = {
			isa = PBXShellScriptBuildPhase;
			buildActionMask = 2147483647;
			files = (
			);
			inputPaths = (
			);
			name = "[CP] Embed Pods Frameworks";
			outputPaths = (
			);
			runOnlyForDeploymentPostprocessing = 0;
			shellPath = /bin/sh;
			shellScript = "\"${SRCROOT}/Pods/Target Support Files/Pods-CascadingTableDelegate_Tests/Pods-CascadingTableDelegate_Tests-frameworks.sh\"\n";
			showEnvVarsInLog = 0;
		};
/* End PBXShellScriptBuildPhase section */

/* Begin PBXSourcesBuildPhase section */
		607FACCC1AFB9204008FA782 /* Sources */ = {
			isa = PBXSourcesBuildPhase;
			buildActionMask = 2147483647;
			files = (
				607FACD61AFB9204008FA782 /* AppDelegate.swift in Sources */,
				8D4D12C11DC7033400B273F9 /* DestinationViewController.swift in Sources */,
				8D4D12DD1DC7267700B273F9 /* DestinationHeaderSectionDelegate.swift in Sources */,
				8D4D12C51DC706B200B273F9 /* UIColor+CSTAdditions.swift in Sources */,
				8D4D12CF1DC70AB900B273F9 /* DestinationNameCell.swift in Sources */,
				8D4D12C91DC708CC00B273F9 /* DestinationTopPhotoCell.swift in Sources */,
				8D4D12D91DC7194B00B273F9 /* DestinationDescriptionCell.swift in Sources */,
				8D50BE771DC8535F00B0C427 /* DestinationMapCell.swift in Sources */,
				8D4D12E31DC74CA700B273F9 /* SectionHeaderView.swift in Sources */,
				8D4D12CC1DC709C000B273F9 /* UITableViewCell+NibIdentifier.swift in Sources */,
				8D4D12E01DC740DC00B273F9 /* DestinationViewModel.swift in Sources */,
				8D4D12D61DC7191E00B273F9 /* String+DisplayHeight.swift in Sources */,
				8D1BCAA91DC33ED900826B1D /* WelcomeViewController.swift in Sources */,
			);
			runOnlyForDeploymentPostprocessing = 0;
		};
		607FACE11AFB9204008FA782 /* Sources */ = {
			isa = PBXSourcesBuildPhase;
			buildActionMask = 2147483647;
			files = (
				B71684E81DA7312800666F45 /* PropagatingTableDelegateDataSourceRequiredSpec.swift in Sources */,
				B71684ED1DA7312800666F45 /* PropagatingTableDelegateIndentationReorderSpec.swift in Sources */,
				B71684EF1DA7312800666F45 /* PropagatingTableDelegateVariableHeightSupportSpec.swift in Sources */,
				B71684E71DA7312800666F45 /* PropagatingTableDelegateDataSourceOptionalSpec.swift in Sources */,
				B71684F31DA7321100666F45 /* CascadingRootTableDelegateSpec.swift in Sources */,
				B71684EB1DA7312800666F45 /* PropagatingTableDelegateFocusSpec.swift in Sources */,
				8D1F135C1DB5E43400571053 /* CascadingTableDelegatePartialHeightStub.swift in Sources */,
				8D1F13571DB5D63900571053 /* PropagatingTableDelegateSelectorResponseSpec.swift in Sources */,
				B71684E91DA7312800666F45 /* PropagatingTableDelegateDisplayCustomizationSpec.swift in Sources */,
				8D754B901D6B103400A1DE01 /* CascadingTableDelegateCompleteStub.swift in Sources */,
				B71684EA1DA7312800666F45 /* PropagatingTableDelegateEditingSpec.swift in Sources */,
				8D1F135E1DB5E53C00571053 /* CascadingSectionTableDelegateSpec.swift in Sources */,
				B71684F71DA73A8800666F45 /* TestableTableView.swift in Sources */,
				B71684E61DA7312800666F45 /* PropagatingTableDelegateCopyPasteSpec.swift in Sources */,
				8D06329A1D70529500BE5056 /* CascadingTableDelegateBareStub.swift in Sources */,
				B71684E51DA7312800666F45 /* PropagatingTableDelegateBaseSpec.swift in Sources */,
				8D0632981D704F0900BE5056 /* CascadingTableDelegateStub.swift in Sources */,
				B71684EE1DA7312800666F45 /* PropagatingTableDelegateSelectionSpec.swift in Sources */,
				B71684EC1DA7312800666F45 /* PropagatingTableDelegateHeaderFooterSpec.swift in Sources */,
			);
			runOnlyForDeploymentPostprocessing = 0;
		};
/* End PBXSourcesBuildPhase section */

/* Begin PBXTargetDependency section */
		607FACE71AFB9204008FA782 /* PBXTargetDependency */ = {
			isa = PBXTargetDependency;
			target = 607FACCF1AFB9204008FA782 /* CascadingTableDelegate_Example */;
			targetProxy = 607FACE61AFB9204008FA782 /* PBXContainerItemProxy */;
		};
/* End PBXTargetDependency section */

/* Begin PBXVariantGroup section */
		607FACDE1AFB9204008FA782 /* LaunchScreen.xib */ = {
			isa = PBXVariantGroup;
			children = (
				607FACDF1AFB9204008FA782 /* Base */,
			);
			name = LaunchScreen.xib;
			sourceTree = "<group>";
		};
/* End PBXVariantGroup section */

/* Begin XCBuildConfiguration section */
		607FACED1AFB9204008FA782 /* Debug */ = {
			isa = XCBuildConfiguration;
			buildSettings = {
				ALWAYS_SEARCH_USER_PATHS = NO;
				CLANG_CXX_LANGUAGE_STANDARD = "gnu++0x";
				CLANG_CXX_LIBRARY = "libc++";
				CLANG_ENABLE_MODULES = YES;
				CLANG_ENABLE_OBJC_ARC = YES;
				CLANG_WARN_BOOL_CONVERSION = YES;
				CLANG_WARN_CONSTANT_CONVERSION = YES;
				CLANG_WARN_DIRECT_OBJC_ISA_USAGE = YES_ERROR;
				CLANG_WARN_EMPTY_BODY = YES;
				CLANG_WARN_ENUM_CONVERSION = YES;
				CLANG_WARN_INT_CONVERSION = YES;
				CLANG_WARN_OBJC_ROOT_CLASS = YES_ERROR;
				CLANG_WARN_UNREACHABLE_CODE = YES;
				CLANG_WARN__DUPLICATE_METHOD_MATCH = YES;
				"CODE_SIGN_IDENTITY[sdk=iphoneos*]" = "iPhone Developer";
				COPY_PHASE_STRIP = NO;
				DEBUG_INFORMATION_FORMAT = "dwarf-with-dsym";
				ENABLE_STRICT_OBJC_MSGSEND = YES;
				ENABLE_TESTABILITY = YES;
				GCC_C_LANGUAGE_STANDARD = gnu99;
				GCC_DYNAMIC_NO_PIC = NO;
				GCC_NO_COMMON_BLOCKS = YES;
				GCC_OPTIMIZATION_LEVEL = 0;
				GCC_PREPROCESSOR_DEFINITIONS = (
					"DEBUG=1",
					"$(inherited)",
				);
				GCC_SYMBOLS_PRIVATE_EXTERN = NO;
				GCC_WARN_64_TO_32_BIT_CONVERSION = YES;
				GCC_WARN_ABOUT_RETURN_TYPE = YES_ERROR;
				GCC_WARN_UNDECLARED_SELECTOR = YES;
				GCC_WARN_UNINITIALIZED_AUTOS = YES_AGGRESSIVE;
				GCC_WARN_UNUSED_FUNCTION = YES;
				GCC_WARN_UNUSED_VARIABLE = YES;
				IPHONEOS_DEPLOYMENT_TARGET = 8.3;
				MTL_ENABLE_DEBUG_INFO = YES;
				ONLY_ACTIVE_ARCH = YES;
				SDKROOT = iphoneos;
				SWIFT_OPTIMIZATION_LEVEL = "-Onone";
			};
			name = Debug;
		};
		607FACEE1AFB9204008FA782 /* Release */ = {
			isa = XCBuildConfiguration;
			buildSettings = {
				ALWAYS_SEARCH_USER_PATHS = NO;
				CLANG_CXX_LANGUAGE_STANDARD = "gnu++0x";
				CLANG_CXX_LIBRARY = "libc++";
				CLANG_ENABLE_MODULES = YES;
				CLANG_ENABLE_OBJC_ARC = YES;
				CLANG_WARN_BOOL_CONVERSION = YES;
				CLANG_WARN_CONSTANT_CONVERSION = YES;
				CLANG_WARN_DIRECT_OBJC_ISA_USAGE = YES_ERROR;
				CLANG_WARN_EMPTY_BODY = YES;
				CLANG_WARN_ENUM_CONVERSION = YES;
				CLANG_WARN_INT_CONVERSION = YES;
				CLANG_WARN_OBJC_ROOT_CLASS = YES_ERROR;
				CLANG_WARN_UNREACHABLE_CODE = YES;
				CLANG_WARN__DUPLICATE_METHOD_MATCH = YES;
				"CODE_SIGN_IDENTITY[sdk=iphoneos*]" = "iPhone Developer";
				COPY_PHASE_STRIP = NO;
				DEBUG_INFORMATION_FORMAT = "dwarf-with-dsym";
				ENABLE_NS_ASSERTIONS = NO;
				ENABLE_STRICT_OBJC_MSGSEND = YES;
				GCC_C_LANGUAGE_STANDARD = gnu99;
				GCC_NO_COMMON_BLOCKS = YES;
				GCC_WARN_64_TO_32_BIT_CONVERSION = YES;
				GCC_WARN_ABOUT_RETURN_TYPE = YES_ERROR;
				GCC_WARN_UNDECLARED_SELECTOR = YES;
				GCC_WARN_UNINITIALIZED_AUTOS = YES_AGGRESSIVE;
				GCC_WARN_UNUSED_FUNCTION = YES;
				GCC_WARN_UNUSED_VARIABLE = YES;
				IPHONEOS_DEPLOYMENT_TARGET = 8.3;
				MTL_ENABLE_DEBUG_INFO = NO;
				SDKROOT = iphoneos;
				VALIDATE_PRODUCT = YES;
			};
			name = Release;
		};
		607FACF01AFB9204008FA782 /* Debug */ = {
			isa = XCBuildConfiguration;
			baseConfigurationReference = E783B233EDB3195714A40415 /* Pods-CascadingTableDelegate_Example.debug.xcconfig */;
			buildSettings = {
				ASSETCATALOG_COMPILER_APPICON_NAME = AppIcon;
				INFOPLIST_FILE = CascadingTableDelegate/Info.plist;
				LD_RUNPATH_SEARCH_PATHS = "$(inherited) @executable_path/Frameworks";
				MODULE_NAME = ExampleApp;
				PRODUCT_BUNDLE_IDENTIFIER = "org.cocoapods.demo.$(PRODUCT_NAME:rfc1034identifier)";
				PRODUCT_NAME = "$(TARGET_NAME)";
			};
			name = Debug;
		};
		607FACF11AFB9204008FA782 /* Release */ = {
			isa = XCBuildConfiguration;
			baseConfigurationReference = 5137C11A0774CF5DCB992F43 /* Pods-CascadingTableDelegate_Example.release.xcconfig */;
			buildSettings = {
				ASSETCATALOG_COMPILER_APPICON_NAME = AppIcon;
				INFOPLIST_FILE = CascadingTableDelegate/Info.plist;
				LD_RUNPATH_SEARCH_PATHS = "$(inherited) @executable_path/Frameworks";
				MODULE_NAME = ExampleApp;
				PRODUCT_BUNDLE_IDENTIFIER = "org.cocoapods.demo.$(PRODUCT_NAME:rfc1034identifier)";
				PRODUCT_NAME = "$(TARGET_NAME)";
			};
			name = Release;
		};
		607FACF31AFB9204008FA782 /* Debug */ = {
			isa = XCBuildConfiguration;
			baseConfigurationReference = 845A5CBE254927D69FA41AA4 /* Pods-CascadingTableDelegate_Tests.debug.xcconfig */;
			buildSettings = {
				FRAMEWORK_SEARCH_PATHS = (
					"$(SDKROOT)/Developer/Library/Frameworks",
					"$(inherited)",
				);
				GCC_PREPROCESSOR_DEFINITIONS = (
					"DEBUG=1",
					"$(inherited)",
				);
				INFOPLIST_FILE = Tests/Info.plist;
				LD_RUNPATH_SEARCH_PATHS = "$(inherited) @executable_path/Frameworks @loader_path/Frameworks";
				PRODUCT_BUNDLE_IDENTIFIER = "org.cocoapods.$(PRODUCT_NAME:rfc1034identifier)";
				PRODUCT_NAME = "$(TARGET_NAME)";
				TEST_HOST = "$(BUILT_PRODUCTS_DIR)/CascadingTableDelegate_Example.app/CascadingTableDelegate_Example";
			};
			name = Debug;
		};
		607FACF41AFB9204008FA782 /* Release */ = {
			isa = XCBuildConfiguration;
			baseConfigurationReference = DA842FA81E6668835CBCD685 /* Pods-CascadingTableDelegate_Tests.release.xcconfig */;
			buildSettings = {
				FRAMEWORK_SEARCH_PATHS = (
					"$(SDKROOT)/Developer/Library/Frameworks",
					"$(inherited)",
				);
				INFOPLIST_FILE = Tests/Info.plist;
				LD_RUNPATH_SEARCH_PATHS = "$(inherited) @executable_path/Frameworks @loader_path/Frameworks";
				PRODUCT_BUNDLE_IDENTIFIER = "org.cocoapods.$(PRODUCT_NAME:rfc1034identifier)";
				PRODUCT_NAME = "$(TARGET_NAME)";
				TEST_HOST = "$(BUILT_PRODUCTS_DIR)/CascadingTableDelegate_Example.app/CascadingTableDelegate_Example";
			};
			name = Release;
		};
/* End XCBuildConfiguration section */

/* Begin XCConfigurationList section */
		607FACCB1AFB9204008FA782 /* Build configuration list for PBXProject "CascadingTableDelegate" */ = {
			isa = XCConfigurationList;
			buildConfigurations = (
				607FACED1AFB9204008FA782 /* Debug */,
				607FACEE1AFB9204008FA782 /* Release */,
			);
			defaultConfigurationIsVisible = 0;
			defaultConfigurationName = Release;
		};
		607FACEF1AFB9204008FA782 /* Build configuration list for PBXNativeTarget "CascadingTableDelegate_Example" */ = {
			isa = XCConfigurationList;
			buildConfigurations = (
				607FACF01AFB9204008FA782 /* Debug */,
				607FACF11AFB9204008FA782 /* Release */,
			);
			defaultConfigurationIsVisible = 0;
			defaultConfigurationName = Release;
		};
		607FACF21AFB9204008FA782 /* Build configuration list for PBXNativeTarget "CascadingTableDelegate_Tests" */ = {
			isa = XCConfigurationList;
			buildConfigurations = (
				607FACF31AFB9204008FA782 /* Debug */,
				607FACF41AFB9204008FA782 /* Release */,
			);
			defaultConfigurationIsVisible = 0;
			defaultConfigurationName = Release;
		};
/* End XCConfigurationList section */
	};
	rootObject = 607FACC81AFB9204008FA782 /* Project object */;
}
